
Microsoft Visual Studio Solution File, Format Version 12.00
# Visual Studio Version 17
VisualStudioVersion = 17.10.35027.167
MinimumVisualStudioVersion = 10.0.40219.1
Project("{9A19103F-16F7-4668-BE54-9A1E7A4F7556}") = "SimpleRestApi", "SimpleRestApi.csproj", "{06787667-A6D0-4679-A422-FD78F2EFECAB}"
EndProject
Global
	GlobalSection(SolutionConfigurationPlatforms) = preSolution
		Debug|Any CPU = Debug|Any CPU
		Release|Any CPU = Release|Any CPU
	EndGlobalSection
	GlobalSection(ProjectConfigurationPlatforms) = postSolution
		{06787667-A6D0-4679-A422-FD78F2EFECAB}.Debug|Any CPU.ActiveCfg = Debug|Any CPU
		{06787667-A6D0-4679-A422-FD78F2EFECAB}.Debug|Any CPU.Build.0 = Debug|Any CPU
		{06787667-A6D0-4679-A422-FD78F2EFECAB}.Release|Any CPU.ActiveCfg = Release|Any CPU
		{06787667-A6D0-4679-A422-FD78F2EFECAB}.Release|Any CPU.Build.0 = Release|Any CPU
	EndGlobalSection
	GlobalSection(SolutionProperties) = preSolution
		HideSolutionNode = FALSE
	EndGlobalSection
	GlobalSection(ExtensibilityGlobals) = postSolution
		SolutionGuid = {9B0FE306-24D7-4B5D-99DA-C89F36C848E6}
	EndGlobalSection
EndGlobal
